// !$*UTF8*$!
{
	archiveVersion = 1;
	classes = {
	};
	objectVersion = 50;
	objects = {

/* Begin PBXBuildFile section */
		102F0E2122820BA600C5CB55 /* Mandelbrot.swift in Sources */ = {isa = PBXBuildFile; fileRef = 102F0E2022820BA600C5CB55 /* Mandelbrot.swift */; };
		10534D342281DD93008A0EA1 /* RandomLinesTest.swift in Sources */ = {isa = PBXBuildFile; fileRef = 10534D332281DD93008A0EA1 /* RandomLinesTest.swift */; };
		10D31E232281B82B00591CEB /* RandomLines.swift in Sources */ = {isa = PBXBuildFile; fileRef = 10D31E222281B82B00591CEB /* RandomLines.swift */; };
		F9541DB6226CD1950049E5C1 /* TreeView.xib in Resources */ = {isa = PBXBuildFile; fileRef = F9541DB5226CD1950049E5C1 /* TreeView.xib */; };
		F96F92C42259A9BB009E1512 /* AppDelegate.swift in Sources */ = {isa = PBXBuildFile; fileRef = F96F92C32259A9BB009E1512 /* AppDelegate.swift */; };
		F96F92C62259A9BB009E1512 /* TreeViewController.swift in Sources */ = {isa = PBXBuildFile; fileRef = F96F92C52259A9BB009E1512 /* TreeViewController.swift */; };
		F96F92C82259A9BC009E1512 /* Assets.xcassets in Resources */ = {isa = PBXBuildFile; fileRef = F96F92C72259A9BC009E1512 /* Assets.xcassets */; };
		F96F92CB2259A9BC009E1512 /* Main.storyboard in Resources */ = {isa = PBXBuildFile; fileRef = F96F92C92259A9BC009E1512 /* Main.storyboard */; };
		F96F92D72259A9BD009E1512 /* FractalsTests.swift in Sources */ = {isa = PBXBuildFile; fileRef = F96F92D62259A9BD009E1512 /* FractalsTests.swift */; };
		F96F92E22259A9E1009E1512 /* Tree.swift in Sources */ = {isa = PBXBuildFile; fileRef = F96F92E12259A9E1009E1512 /* Tree.swift */; };
/* End PBXBuildFile section */

/* Begin PBXContainerItemProxy section */
		F96F92D32259A9BC009E1512 /* PBXContainerItemProxy */ = {
			isa = PBXContainerItemProxy;
			containerPortal = F96F92B82259A9BB009E1512 /* Project object */;
			proxyType = 1;
			remoteGlobalIDString = F96F92BF2259A9BB009E1512;
			remoteInfo = Fractals;
		};
/* End PBXContainerItemProxy section */

/* Begin PBXFileReference section */
		102F0E2022820BA600C5CB55 /* Mandelbrot.swift */ = {isa = PBXFileReference; lastKnownFileType = sourcecode.swift; path = Mandelbrot.swift; sourceTree = "<group>"; };
		10534D332281DD93008A0EA1 /* RandomLinesTest.swift */ = {isa = PBXFileReference; lastKnownFileType = sourcecode.swift; path = RandomLinesTest.swift; sourceTree = "<group>"; };
		10D31E222281B82B00591CEB /* RandomLines.swift */ = {isa = PBXFileReference; lastKnownFileType = sourcecode.swift; name = RandomLines.swift; path = Fractals/RandomLines.swift; sourceTree = "<group>"; };
		F9541DB5226CD1950049E5C1 /* TreeView.xib */ = {isa = PBXFileReference; lastKnownFileType = file.xib; path = TreeView.xib; sourceTree = "<group>"; };
		F96F92C02259A9BB009E1512 /* Fractals.app */ = {isa = PBXFileReference; explicitFileType = wrapper.application; includeInIndex = 0; path = Fractals.app; sourceTree = BUILT_PRODUCTS_DIR; };
		F96F92C32259A9BB009E1512 /* AppDelegate.swift */ = {isa = PBXFileReference; lastKnownFileType = sourcecode.swift; path = AppDelegate.swift; sourceTree = "<group>"; };
		F96F92C52259A9BB009E1512 /* TreeViewController.swift */ = {isa = PBXFileReference; lastKnownFileType = sourcecode.swift; path = TreeViewController.swift; sourceTree = "<group>"; };
		F96F92C72259A9BC009E1512 /* Assets.xcassets */ = {isa = PBXFileReference; lastKnownFileType = folder.assetcatalog; path = Assets.xcassets; sourceTree = "<group>"; };
		F96F92CA2259A9BC009E1512 /* Base */ = {isa = PBXFileReference; lastKnownFileType = file.storyboard; name = Base; path = Base.lproj/Main.storyboard; sourceTree = "<group>"; };
		F96F92CC2259A9BC009E1512 /* Info.plist */ = {isa = PBXFileReference; lastKnownFileType = text.plist.xml; path = Info.plist; sourceTree = "<group>"; };
		F96F92CD2259A9BC009E1512 /* Fractals.entitlements */ = {isa = PBXFileReference; lastKnownFileType = text.plist.entitlements; path = Fractals.entitlements; sourceTree = "<group>"; };
		F96F92D22259A9BC009E1512 /* FractalsTests.xctest */ = {isa = PBXFileReference; explicitFileType = wrapper.cfbundle; includeInIndex = 0; path = FractalsTests.xctest; sourceTree = BUILT_PRODUCTS_DIR; };
		F96F92D62259A9BD009E1512 /* FractalsTests.swift */ = {isa = PBXFileReference; lastKnownFileType = sourcecode.swift; path = FractalsTests.swift; sourceTree = "<group>"; };
		F96F92D82259A9BD009E1512 /* Info.plist */ = {isa = PBXFileReference; lastKnownFileType = text.plist.xml; path = Info.plist; sourceTree = "<group>"; };
		F96F92E12259A9E1009E1512 /* Tree.swift */ = {isa = PBXFileReference; lastKnownFileType = sourcecode.swift; path = Tree.swift; sourceTree = "<group>"; };
/* End PBXFileReference section */

/* Begin PBXFrameworksBuildPhase section */
		F96F92BD2259A9BB009E1512 /* Frameworks */ = {
			isa = PBXFrameworksBuildPhase;
			buildActionMask = 2147483647;
			files = (
			);
			runOnlyForDeploymentPostprocessing = 0;
		};
		F96F92CF2259A9BC009E1512 /* Frameworks */ = {
			isa = PBXFrameworksBuildPhase;
			buildActionMask = 2147483647;
			files = (
			);
			runOnlyForDeploymentPostprocessing = 0;
		};
/* End PBXFrameworksBuildPhase section */

/* Begin PBXGroup section */
		F96F92B72259A9BB009E1512 = {
			isa = PBXGroup;
			children = (
				10D31E222281B82B00591CEB /* RandomLines.swift */,
				102F0E2022820BA600C5CB55 /* Mandelbrot.swift */,
				F96F92E12259A9E1009E1512 /* Tree.swift */,
				F96F92C22259A9BB009E1512 /* Fractals */,
				F96F92D52259A9BD009E1512 /* FractalsTests */,
				F96F92C12259A9BB009E1512 /* Products */,
			);
			sourceTree = "<group>";
		};
		F96F92C12259A9BB009E1512 /* Products */ = {
			isa = PBXGroup;
			children = (
				F96F92C02259A9BB009E1512 /* Fractals.app */,
				F96F92D22259A9BC009E1512 /* FractalsTests.xctest */,
			);
			name = Products;
			sourceTree = "<group>";
		};
		F96F92C22259A9BB009E1512 /* Fractals */ = {
			isa = PBXGroup;
			children = (
				F96F92C32259A9BB009E1512 /* AppDelegate.swift */,
				F96F92C52259A9BB009E1512 /* TreeViewController.swift */,
				F96F92C72259A9BC009E1512 /* Assets.xcassets */,
				F96F92C92259A9BC009E1512 /* Main.storyboard */,
				F9541DB5226CD1950049E5C1 /* TreeView.xib */,
				F96F92CC2259A9BC009E1512 /* Info.plist */,
				F96F92CD2259A9BC009E1512 /* Fractals.entitlements */,
			);
			path = Fractals;
			sourceTree = "<group>";
		};
		F96F92D52259A9BD009E1512 /* FractalsTests */ = {
			isa = PBXGroup;
			children = (
				F96F92D62259A9BD009E1512 /* FractalsTests.swift */,
				F96F92D82259A9BD009E1512 /* Info.plist */,
				10534D332281DD93008A0EA1 /* RandomLinesTest.swift */,
			);
			path = FractalsTests;
			sourceTree = "<group>";
		};
/* End PBXGroup section */

/* Begin PBXNativeTarget section */
		F96F92BF2259A9BB009E1512 /* Fractals */ = {
			isa = PBXNativeTarget;
			buildConfigurationList = F96F92DB2259A9BD009E1512 /* Build configuration list for PBXNativeTarget "Fractals" */;
			buildPhases = (
				F96F92BC2259A9BB009E1512 /* Sources */,
				F96F92BD2259A9BB009E1512 /* Frameworks */,
				F96F92BE2259A9BB009E1512 /* Resources */,
			);
			buildRules = (
			);
			dependencies = (
			);
			name = Fractals;
			productName = Fractals;
			productReference = F96F92C02259A9BB009E1512 /* Fractals.app */;
			productType = "com.apple.product-type.application";
		};
		F96F92D12259A9BC009E1512 /* FractalsTests */ = {
			isa = PBXNativeTarget;
			buildConfigurationList = F96F92DE2259A9BD009E1512 /* Build configuration list for PBXNativeTarget "FractalsTests" */;
			buildPhases = (
				F96F92CE2259A9BC009E1512 /* Sources */,
				F96F92CF2259A9BC009E1512 /* Frameworks */,
				F96F92D02259A9BC009E1512 /* Resources */,
			);
			buildRules = (
			);
			dependencies = (
				F96F92D42259A9BC009E1512 /* PBXTargetDependency */,
			);
			name = FractalsTests;
			productName = FractalsTests;
			productReference = F96F92D22259A9BC009E1512 /* FractalsTests.xctest */;
			productType = "com.apple.product-type.bundle.unit-test";
		};
/* End PBXNativeTarget section */

/* Begin PBXProject section */
		F96F92B82259A9BB009E1512 /* Project object */ = {
			isa = PBXProject;
			attributes = {
				LastSwiftUpdateCheck = 1020;
				LastUpgradeCheck = 1020;
				ORGANIZATIONNAME = "Ayy Lmao LLC";
				TargetAttributes = {
					F96F92BF2259A9BB009E1512 = {
						CreatedOnToolsVersion = 10.2;
					};
					F96F92D12259A9BC009E1512 = {
						CreatedOnToolsVersion = 10.2;
						TestTargetID = F96F92BF2259A9BB009E1512;
					};
				};
			};
			buildConfigurationList = F96F92BB2259A9BB009E1512 /* Build configuration list for PBXProject "Fractals" */;
			compatibilityVersion = "Xcode 9.3";
			developmentRegion = en;
			hasScannedForEncodings = 0;
			knownRegions = (
				en,
				Base,
			);
			mainGroup = F96F92B72259A9BB009E1512;
			productRefGroup = F96F92C12259A9BB009E1512 /* Products */;
			projectDirPath = "";
			projectRoot = "";
			targets = (
				F96F92BF2259A9BB009E1512 /* Fractals */,
				F96F92D12259A9BC009E1512 /* FractalsTests */,
			);
		};
/* End PBXProject section */

/* Begin PBXResourcesBuildPhase section */
		F96F92BE2259A9BB009E1512 /* Resources */ = {
			isa = PBXResourcesBuildPhase;
			buildActionMask = 2147483647;
			files = (
				F9541DB6226CD1950049E5C1 /* TreeView.xib in Resources */,
				F96F92C82259A9BC009E1512 /* Assets.xcassets in Resources */,
				F96F92CB2259A9BC009E1512 /* Main.storyboard in Resources */,
			);
			runOnlyForDeploymentPostprocessing = 0;
		};
		F96F92D02259A9BC009E1512 /* Resources */ = {
			isa = PBXResourcesBuildPhase;
			buildActionMask = 2147483647;
			files = (
			);
			runOnlyForDeploymentPostprocessing = 0;
		};
/* End PBXResourcesBuildPhase section */

/* Begin PBXSourcesBuildPhase section */
		F96F92BC2259A9BB009E1512 /* Sources */ = {
			isa = PBXSourcesBuildPhase;
			buildActionMask = 2147483647;
			files = (
				10D31E232281B82B00591CEB /* RandomLines.swift in Sources */,
				F96F92E22259A9E1009E1512 /* Tree.swift in Sources */,
				F96F92C62259A9BB009E1512 /* TreeViewController.swift in Sources */,
				F96F92C42259A9BB009E1512 /* AppDelegate.swift in Sources */,
				102F0E2122820BA600C5CB55 /* Mandelbrot.swift in Sources */,
			);
			runOnlyForDeploymentPostprocessing = 0;
		};
		F96F92CE2259A9BC009E1512 /* Sources */ = {
			isa = PBXSourcesBuildPhase;
			buildActionMask = 2147483647;
			files = (
				10534D342281DD93008A0EA1 /* RandomLinesTest.swift in Sources */,
				F96F92D72259A9BD009E1512 /* FractalsTests.swift in Sources */,
			);
			runOnlyForDeploymentPostprocessing = 0;
		};
/* End PBXSourcesBuildPhase section */

/* Begin PBXTargetDependency section */
		F96F92D42259A9BC009E1512 /* PBXTargetDependency */ = {
			isa = PBXTargetDependency;
			target = F96F92BF2259A9BB009E1512 /* Fractals */;
			targetProxy = F96F92D32259A9BC009E1512 /* PBXContainerItemProxy */;
		};
/* End PBXTargetDependency section */

/* Begin PBXVariantGroup section */
		F96F92C92259A9BC009E1512 /* Main.storyboard */ = {
			isa = PBXVariantGroup;
			children = (
				F96F92CA2259A9BC009E1512 /* Base */,
			);
			name = Main.storyboard;
			sourceTree = "<group>";
		};
/* End PBXVariantGroup section */

/* Begin XCBuildConfiguration section */
		F96F92D92259A9BD009E1512 /* Debug */ = {
			isa = XCBuildConfiguration;
			buildSettings = {
				ALWAYS_SEARCH_USER_PATHS = NO;
				CLANG_ANALYZER_NONNULL = YES;
				CLANG_ANALYZER_NUMBER_OBJECT_CONVERSION = YES_AGGRESSIVE;
				CLANG_CXX_LANGUAGE_STANDARD = "gnu++14";
				CLANG_CXX_LIBRARY = "libc++";
				CLANG_ENABLE_MODULES = YES;
				CLANG_ENABLE_OBJC_ARC = YES;
				CLANG_ENABLE_OBJC_WEAK = YES;
				CLANG_WARN_BLOCK_CAPTURE_AUTORELEASING = YES;
				CLANG_WARN_BOOL_CONVERSION = YES;
				CLANG_WARN_COMMA = YES;
				CLANG_WARN_CONSTANT_CONVERSION = YES;
				CLANG_WARN_DEPRECATED_OBJC_IMPLEMENTATIONS = YES;
				CLANG_WARN_DIRECT_OBJC_ISA_USAGE = YES_ERROR;
				CLANG_WARN_DOCUMENTATION_COMMENTS = YES;
				CLANG_WARN_EMPTY_BODY = YES;
				CLANG_WARN_ENUM_CONVERSION = YES;
				CLANG_WARN_INFINITE_RECURSION = YES;
				CLANG_WARN_INT_CONVERSION = YES;
				CLANG_WARN_NON_LITERAL_NULL_CONVERSION = YES;
				CLANG_WARN_OBJC_IMPLICIT_RETAIN_SELF = YES;
				CLANG_WARN_OBJC_LITERAL_CONVERSION = YES;
				CLANG_WARN_OBJC_ROOT_CLASS = YES_ERROR;
				CLANG_WARN_RANGE_LOOP_ANALYSIS = YES;
				CLANG_WARN_STRICT_PROTOTYPES = YES;
				CLANG_WARN_SUSPICIOUS_MOVE = YES;
				CLANG_WARN_UNGUARDED_AVAILABILITY = YES_AGGRESSIVE;
				CLANG_WARN_UNREACHABLE_CODE = YES;
				CLANG_WARN__DUPLICATE_METHOD_MATCH = YES;
				CODE_SIGN_IDENTITY = "Mac Developer";
				COPY_PHASE_STRIP = NO;
				DEBUG_INFORMATION_FORMAT = dwarf;
				ENABLE_STRICT_OBJC_MSGSEND = YES;
				ENABLE_TESTABILITY = YES;
				GCC_C_LANGUAGE_STANDARD = gnu11;
				GCC_DYNAMIC_NO_PIC = NO;
				GCC_NO_COMMON_BLOCKS = YES;
				GCC_OPTIMIZATION_LEVEL = 0;
				GCC_PREPROCESSOR_DEFINITIONS = (
					"DEBUG=1",
					"$(inherited)",
				);
				GCC_WARN_64_TO_32_BIT_CONVERSION = YES;
				GCC_WARN_ABOUT_RETURN_TYPE = YES_ERROR;
				GCC_WARN_UNDECLARED_SELECTOR = YES;
				GCC_WARN_UNINITIALIZED_AUTOS = YES_AGGRESSIVE;
				GCC_WARN_UNUSED_FUNCTION = YES;
				GCC_WARN_UNUSED_VARIABLE = YES;
				MACOSX_DEPLOYMENT_TARGET = 10.14;
				MTL_ENABLE_DEBUG_INFO = INCLUDE_SOURCE;
				MTL_FAST_MATH = YES;
				ONLY_ACTIVE_ARCH = YES;
				SDKROOT = macosx;
				SWIFT_ACTIVE_COMPILATION_CONDITIONS = DEBUG;
				SWIFT_OPTIMIZATION_LEVEL = "-Onone";
			};
			name = Debug;
		};
		F96F92DA2259A9BD009E1512 /* Release */ = {
			isa = XCBuildConfiguration;
			buildSettings = {
				ALWAYS_SEARCH_USER_PATHS = NO;
				CLANG_ANALYZER_NONNULL = YES;
				CLANG_ANALYZER_NUMBER_OBJECT_CONVERSION = YES_AGGRESSIVE;
				CLANG_CXX_LANGUAGE_STANDARD = "gnu++14";
				CLANG_CXX_LIBRARY = "libc++";
				CLANG_ENABLE_MODULES = YES;
				CLANG_ENABLE_OBJC_ARC = YES;
				CLANG_ENABLE_OBJC_WEAK = YES;
				CLANG_WARN_BLOCK_CAPTURE_AUTORELEASING = YES;
				CLANG_WARN_BOOL_CONVERSION = YES;
				CLANG_WARN_COMMA = YES;
				CLANG_WARN_CONSTANT_CONVERSION = YES;
				CLANG_WARN_DEPRECATED_OBJC_IMPLEMENTATIONS = YES;
				CLANG_WARN_DIRECT_OBJC_ISA_USAGE = YES_ERROR;
				CLANG_WARN_DOCUMENTATION_COMMENTS = YES;
				CLANG_WARN_EMPTY_BODY = YES;
				CLANG_WARN_ENUM_CONVERSION = YES;
				CLANG_WARN_INFINITE_RECURSION = YES;
				CLANG_WARN_INT_CONVERSION = YES;
				CLANG_WARN_NON_LITERAL_NULL_CONVERSION = YES;
				CLANG_WARN_OBJC_IMPLICIT_RETAIN_SELF = YES;
				CLANG_WARN_OBJC_LITERAL_CONVERSION = YES;
				CLANG_WARN_OBJC_ROOT_CLASS = YES_ERROR;
				CLANG_WARN_RANGE_LOOP_ANALYSIS = YES;
				CLANG_WARN_STRICT_PROTOTYPES = YES;
				CLANG_WARN_SUSPICIOUS_MOVE = YES;
				CLANG_WARN_UNGUARDED_AVAILABILITY = YES_AGGRESSIVE;
				CLANG_WARN_UNREACHABLE_CODE = YES;
				CLANG_WARN__DUPLICATE_METHOD_MATCH = YES;
				CODE_SIGN_IDENTITY = "Mac Developer";
				COPY_PHASE_STRIP = NO;
				DEBUG_INFORMATION_FORMAT = "dwarf-with-dsym";
				ENABLE_NS_ASSERTIONS = NO;
				ENABLE_STRICT_OBJC_MSGSEND = YES;
				GCC_C_LANGUAGE_STANDARD = gnu11;
				GCC_NO_COMMON_BLOCKS = YES;
				GCC_WARN_64_TO_32_BIT_CONVERSION = YES;
				GCC_WARN_ABOUT_RETURN_TYPE = YES_ERROR;
				GCC_WARN_UNDECLARED_SELECTOR = YES;
				GCC_WARN_UNINITIALIZED_AUTOS = YES_AGGRESSIVE;
				GCC_WARN_UNUSED_FUNCTION = YES;
				GCC_WARN_UNUSED_VARIABLE = YES;
				MACOSX_DEPLOYMENT_TARGET = 10.14;
				MTL_ENABLE_DEBUG_INFO = NO;
				MTL_FAST_MATH = YES;
				SDKROOT = macosx;
				SWIFT_COMPILATION_MODE = wholemodule;
				SWIFT_OPTIMIZATION_LEVEL = "-O";
			};
			name = Release;
		};
		F96F92DC2259A9BD009E1512 /* Debug */ = {
			isa = XCBuildConfiguration;
			buildSettings = {
				ASSETCATALOG_COMPILER_APPICON_NAME = AppIcon;
				CODE_SIGN_ENTITLEMENTS = Fractals/Fractals.entitlements;
				CODE_SIGN_STYLE = Automatic;
				COMBINE_HIDPI_IMAGES = YES;
				DEVELOPMENT_TEAM = U399TLZYHU;
				INFOPLIST_FILE = Fractals/Info.plist;
				LD_RUNPATH_SEARCH_PATHS = (
					"$(inherited)",
					"@executable_path/../Frameworks",
				);
				PRODUCT_BUNDLE_IDENTIFIER = com.ayy.lmao.Fractals;
				PRODUCT_NAME = "$(TARGET_NAME)";
				SWIFT_VERSION = 5.0;
			};
			name = Debug;
		};
		F96F92DD2259A9BD009E1512 /* Release */ = {
			isa = XCBuildConfiguration;
			buildSettings = {
				ASSETCATALOG_COMPILER_APPICON_NAME = AppIcon;
				CODE_SIGN_ENTITLEMENTS = Fractals/Fractals.entitlements;
				CODE_SIGN_STYLE = Automatic;
				COMBINE_HIDPI_IMAGES = YES;
				DEVELOPMENT_TEAM = U399TLZYHU;
				INFOPLIST_FILE = Fractals/Info.plist;
				LD_RUNPATH_SEARCH_PATHS = (
					"$(inherited)",
					"@executable_path/../Frameworks",
				);
				PRODUCT_BUNDLE_IDENTIFIER = com.ayy.lmao.Fractals;
				PRODUCT_NAME = "$(TARGET_NAME)";
				SWIFT_VERSION = 5.0;
			};
			name = Release;
		};
		F96F92DF2259A9BD009E1512 /* Debug */ = {
			isa = XCBuildConfiguration;
			buildSettings = {
				ALWAYS_EMBED_SWIFT_STANDARD_LIBRARIES = YES;
				BUNDLE_LOADER = "$(TEST_HOST)";
				CODE_SIGN_STYLE = Automatic;
				COMBINE_HIDPI_IMAGES = YES;
				DEVELOPMENT_TEAM = U399TLZYHU;
				INFOPLIST_FILE = FractalsTests/Info.plist;
				LD_RUNPATH_SEARCH_PATHS = (
					"$(inherited)",
					"@executable_path/../Frameworks",
					"@loader_path/../Frameworks",
				);
				PRODUCT_BUNDLE_IDENTIFIER = com.ayy.lmao.FractalsTests;
				PRODUCT_NAME = "$(TARGET_NAME)";
				SWIFT_VERSION = 5.0;
				TEST_HOST = "$(BUILT_PRODUCTS_DIR)/Fractals.app/Contents/MacOS/Fractals";
			};
			name = Debug;
		};
		F96F92E02259A9BD009E1512 /* Release */ = {
			isa = XCBuildConfiguration;
			buildSettings = {
				ALWAYS_EMBED_SWIFT_STANDARD_LIBRARIES = YES;
				BUNDLE_LOADER = "$(TEST_HOST)";
				CODE_SIGN_STYLE = Automatic;
				COMBINE_HIDPI_IMAGES = YES;
				DEVELOPMENT_TEAM = U399TLZYHU;
				INFOPLIST_FILE = FractalsTests/Info.plist;
				LD_RUNPATH_SEARCH_PATHS = (
					"$(inherited)",
					"@executable_path/../Frameworks",
					"@loader_path/../Frameworks",
				);
				PRODUCT_BUNDLE_IDENTIFIER = com.ayy.lmao.FractalsTests;
				PRODUCT_NAME = "$(TARGET_NAME)";
				SWIFT_VERSION = 5.0;
				TEST_HOST = "$(BUILT_PRODUCTS_DIR)/Fractals.app/Contents/MacOS/Fractals";
			};
			name = Release;
		};
/* End XCBuildConfiguration section */

/* Begin XCConfigurationList section */
		F96F92BB2259A9BB009E1512 /* Build configuration list for PBXProject "Fractals" */ = {
			isa = XCConfigurationList;
			buildConfigurations = (
				F96F92D92259A9BD009E1512 /* Debug */,
				F96F92DA2259A9BD009E1512 /* Release */,
			);
			defaultConfigurationIsVisible = 0;
			defaultConfigurationName = Release;
		};
		F96F92DB2259A9BD009E1512 /* Build configuration list for PBXNativeTarget "Fractals" */ = {
			isa = XCConfigurationList;
			buildConfigurations = (
				F96F92DC2259A9BD009E1512 /* Debug */,
				F96F92DD2259A9BD009E1512 /* Release */,
			);
			defaultConfigurationIsVisible = 0;
			defaultConfigurationName = Release;
		};
		F96F92DE2259A9BD009E1512 /* Build configuration list for PBXNativeTarget "FractalsTests" */ = {
			isa = XCConfigurationList;
			buildConfigurations = (
				F96F92DF2259A9BD009E1512 /* Debug */,
				F96F92E02259A9BD009E1512 /* Release */,
			);
			defaultConfigurationIsVisible = 0;
			defaultConfigurationName = Release;
		};
/* End XCConfigurationList section */
	};
	rootObject = F96F92B82259A9BB009E1512 /* Project object */;
}
